// !$*UTF8*$!
{
	archiveVersion = 1;
	classes = {
	};
	objectVersion = 55;
	objects = {

/* Begin PBXBuildFile section */
		B70C0D582828AF9C006A7BA5 /* AppDelegate.swift in Sources */ = {isa = PBXBuildFile; fileRef = B70C0D572828AF9C006A7BA5 /* AppDelegate.swift */; };
		B70C0D5A2828AF9C006A7BA5 /* SceneDelegate.swift in Sources */ = {isa = PBXBuildFile; fileRef = B70C0D592828AF9C006A7BA5 /* SceneDelegate.swift */; };
		B70C0D612828AF9F006A7BA5 /* Assets.xcassets in Resources */ = {isa = PBXBuildFile; fileRef = B70C0D602828AF9F006A7BA5 /* Assets.xcassets */; };
		B70C0D642828AF9F006A7BA5 /* LaunchScreen.storyboard in Resources */ = {isa = PBXBuildFile; fileRef = B70C0D622828AF9F006A7BA5 /* LaunchScreen.storyboard */; };
		B70C0D6F2828B01D006A7BA5 /* TitleBarViewController.swift in Sources */ = {isa = PBXBuildFile; fileRef = B70C0D6E2828B01D006A7BA5 /* TitleBarViewController.swift */; };
		B70C0D712828B096006A7BA5 /* MusicViewController.swift in Sources */ = {isa = PBXBuildFile; fileRef = B70C0D702828B095006A7BA5 /* MusicViewController.swift */; };
		B70C0D732828B0BA006A7BA5 /* PodcastViewController.swift in Sources */ = {isa = PBXBuildFile; fileRef = B70C0D722828B0BA006A7BA5 /* PodcastViewController.swift */; };
		B70C0D752828D3A8006A7BA5 /* ContainerViewController.swift in Sources */ = {isa = PBXBuildFile; fileRef = B70C0D742828D3A8006A7BA5 /* ContainerViewController.swift */; };
		B70C0D7A2828EC65006A7BA5 /* SwipeViewController.swift in Sources */ = {isa = PBXBuildFile; fileRef = B70C0D792828EC65006A7BA5 /* SwipeViewController.swift */; };
		B70C0D7D28292245006A7BA5 /* TitleBarButton.swift in Sources */ = {isa = PBXBuildFile; fileRef = B70C0D7C28292245006A7BA5 /* TitleBarButton.swift */; };
		B70C0D80282939D2006A7BA5 /* UIFont+Extension.swift in Sources */ = {isa = PBXBuildFile; fileRef = B70C0D7F282939D2006A7BA5 /* UIFont+Extension.swift */; };
		B70C0D82282939EA006A7BA5 /* ViewController+Extension.swift in Sources */ = {isa = PBXBuildFile; fileRef = B70C0D81282939EA006A7BA5 /* ViewController+Extension.swift */; };
		B70C0D8428293B10006A7BA5 /* UIColor+Extension.swift in Sources */ = {isa = PBXBuildFile; fileRef = B70C0D8328293B10006A7BA5 /* UIColor+Extension.swift */; };
		B70C0D8628293D88006A7BA5 /* TrackCell.swift in Sources */ = {isa = PBXBuildFile; fileRef = B70C0D8528293D88006A7BA5 /* TrackCell.swift */; };
		B70C0D8828293EA3006A7BA5 /* ReusableView.swift in Sources */ = {isa = PBXBuildFile; fileRef = B70C0D8728293EA3006A7BA5 /* ReusableView.swift */; };
		B70C0D8A28293F5C006A7BA5 /* UITableViewCell+Extension.swift in Sources */ = {isa = PBXBuildFile; fileRef = B70C0D8928293F5C006A7BA5 /* UITableViewCell+Extension.swift */; };
		B70C0D8C28294A12006A7BA5 /* MenuBar.swift in Sources */ = {isa = PBXBuildFile; fileRef = B70C0D8B28294A12006A7BA5 /* MenuBar.swift */; };
		B70C0D8E2829F37E006A7BA5 /* UICollectionViewCell+Extension.swift in Sources */ = {isa = PBXBuildFile; fileRef = B70C0D8D2829F37E006A7BA5 /* UICollectionViewCell+Extension.swift */; };
		B70C0D912829F5FD006A7BA5 /* CollectionViewHorizontalLayout.swift in Sources */ = {isa = PBXBuildFile; fileRef = B70C0D902829F5FD006A7BA5 /* CollectionViewHorizontalLayout.swift */; };
		B70C0D93282A4634006A7BA5 /* TrackListCell.swift in Sources */ = {isa = PBXBuildFile; fileRef = B70C0D92282A4634006A7BA5 /* TrackListCell.swift */; };
/* End PBXBuildFile section */

/* Begin PBXFileReference section */
		B70C0D542828AF9C006A7BA5 /* SpotifyUI.app */ = {isa = PBXFileReference; explicitFileType = wrapper.application; includeInIndex = 0; path = SpotifyUI.app; sourceTree = BUILT_PRODUCTS_DIR; };
		B70C0D572828AF9C006A7BA5 /* AppDelegate.swift */ = {isa = PBXFileReference; lastKnownFileType = sourcecode.swift; path = AppDelegate.swift; sourceTree = "<group>"; };
		B70C0D592828AF9C006A7BA5 /* SceneDelegate.swift */ = {isa = PBXFileReference; lastKnownFileType = sourcecode.swift; path = SceneDelegate.swift; sourceTree = "<group>"; };
		B70C0D602828AF9F006A7BA5 /* Assets.xcassets */ = {isa = PBXFileReference; lastKnownFileType = folder.assetcatalog; path = Assets.xcassets; sourceTree = "<group>"; };
		B70C0D632828AF9F006A7BA5 /* Base */ = {isa = PBXFileReference; lastKnownFileType = file.storyboard; name = Base; path = Base.lproj/LaunchScreen.storyboard; sourceTree = "<group>"; };
		B70C0D652828AF9F006A7BA5 /* Info.plist */ = {isa = PBXFileReference; lastKnownFileType = text.plist.xml; path = Info.plist; sourceTree = "<group>"; };
		B70C0D6E2828B01D006A7BA5 /* TitleBarViewController.swift */ = {isa = PBXFileReference; lastKnownFileType = sourcecode.swift; path = TitleBarViewController.swift; sourceTree = "<group>"; };
		B70C0D702828B095006A7BA5 /* MusicViewController.swift */ = {isa = PBXFileReference; lastKnownFileType = sourcecode.swift; path = MusicViewController.swift; sourceTree = "<group>"; };
		B70C0D722828B0BA006A7BA5 /* PodcastViewController.swift */ = {isa = PBXFileReference; lastKnownFileType = sourcecode.swift; path = PodcastViewController.swift; sourceTree = "<group>"; };
		B70C0D742828D3A8006A7BA5 /* ContainerViewController.swift */ = {isa = PBXFileReference; lastKnownFileType = sourcecode.swift; path = ContainerViewController.swift; sourceTree = "<group>"; };
		B70C0D792828EC65006A7BA5 /* SwipeViewController.swift */ = {isa = PBXFileReference; lastKnownFileType = sourcecode.swift; path = SwipeViewController.swift; sourceTree = "<group>"; };
		B70C0D7C28292245006A7BA5 /* TitleBarButton.swift */ = {isa = PBXFileReference; lastKnownFileType = sourcecode.swift; path = TitleBarButton.swift; sourceTree = "<group>"; };
		B70C0D7F282939D2006A7BA5 /* UIFont+Extension.swift */ = {isa = PBXFileReference; lastKnownFileType = sourcecode.swift; path = "UIFont+Extension.swift"; sourceTree = "<group>"; };
		B70C0D81282939EA006A7BA5 /* ViewController+Extension.swift */ = {isa = PBXFileReference; lastKnownFileType = sourcecode.swift; path = "ViewController+Extension.swift"; sourceTree = "<group>"; };
		B70C0D8328293B10006A7BA5 /* UIColor+Extension.swift */ = {isa = PBXFileReference; lastKnownFileType = sourcecode.swift; path = "UIColor+Extension.swift"; sourceTree = "<group>"; };
		B70C0D8528293D88006A7BA5 /* TrackCell.swift */ = {isa = PBXFileReference; lastKnownFileType = sourcecode.swift; path = TrackCell.swift; sourceTree = "<group>"; };
		B70C0D8728293EA3006A7BA5 /* ReusableView.swift */ = {isa = PBXFileReference; lastKnownFileType = sourcecode.swift; path = ReusableView.swift; sourceTree = "<group>"; };
		B70C0D8928293F5C006A7BA5 /* UITableViewCell+Extension.swift */ = {isa = PBXFileReference; lastKnownFileType = sourcecode.swift; path = "UITableViewCell+Extension.swift"; sourceTree = "<group>"; };
		B70C0D8B28294A12006A7BA5 /* MenuBar.swift */ = {isa = PBXFileReference; lastKnownFileType = sourcecode.swift; path = MenuBar.swift; sourceTree = "<group>"; };
		B70C0D8D2829F37E006A7BA5 /* UICollectionViewCell+Extension.swift */ = {isa = PBXFileReference; lastKnownFileType = sourcecode.swift; path = "UICollectionViewCell+Extension.swift"; sourceTree = "<group>"; };
		B70C0D902829F5FD006A7BA5 /* CollectionViewHorizontalLayout.swift */ = {isa = PBXFileReference; lastKnownFileType = sourcecode.swift; path = CollectionViewHorizontalLayout.swift; sourceTree = "<group>"; };
		B70C0D92282A4634006A7BA5 /* TrackListCell.swift */ = {isa = PBXFileReference; lastKnownFileType = sourcecode.swift; path = TrackListCell.swift; sourceTree = "<group>"; };
		B70C0D94282A9296006A7BA5 /* README.md */ = {isa = PBXFileReference; lastKnownFileType = net.daringfireball.markdown; path = README.md; sourceTree = "<group>"; };
/* End PBXFileReference section */

/* Begin PBXFrameworksBuildPhase section */
		B70C0D512828AF9C006A7BA5 /* Frameworks */ = {
			isa = PBXFrameworksBuildPhase;
			buildActionMask = 2147483647;
			files = (
			);
			runOnlyForDeploymentPostprocessing = 0;
		};
/* End PBXFrameworksBuildPhase section */

/* Begin PBXGroup section */
		B70C0D4B2828AF9C006A7BA5 = {
			isa = PBXGroup;
			children = (
				B70C0D94282A9296006A7BA5 /* README.md */,
				B70C0D562828AF9C006A7BA5 /* SpotifyUI */,
				B70C0D552828AF9C006A7BA5 /* Products */,
			);
			sourceTree = "<group>";
		};
		B70C0D552828AF9C006A7BA5 /* Products */ = {
			isa = PBXGroup;
			children = (
				B70C0D542828AF9C006A7BA5 /* SpotifyUI.app */,
			);
			name = Products;
			sourceTree = "<group>";
		};
		B70C0D562828AF9C006A7BA5 /* SpotifyUI */ = {
			isa = PBXGroup;
			children = (
				B70C0D8F2829F5E6006A7BA5 /* Layout */,
				B70C0D7E282922B0006A7BA5 /* View */,
				B70C0D7B28292236006A7BA5 /* Extension */,
				B70C0D762828EB8C006A7BA5 /* Protocol */,
				B70C0D6D2828AFED006A7BA5 /* App Delegates */,
				B70C0D6C2828AFE9006A7BA5 /* Support */,
				B70C0D6B2828AFE5006A7BA5 /* Resources */,
				B70C0D6E2828B01D006A7BA5 /* TitleBarViewController.swift */,
				B70C0D702828B095006A7BA5 /* MusicViewController.swift */,
				B70C0D722828B0BA006A7BA5 /* PodcastViewController.swift */,
				B70C0D792828EC65006A7BA5 /* SwipeViewController.swift */,
				B70C0D742828D3A8006A7BA5 /* ContainerViewController.swift */,
			);
			path = SpotifyUI;
			sourceTree = "<group>";
		};
		B70C0D6B2828AFE5006A7BA5 /* Resources */ = {
			isa = PBXGroup;
			children = (
				B70C0D602828AF9F006A7BA5 /* Assets.xcassets */,
				B70C0D622828AF9F006A7BA5 /* LaunchScreen.storyboard */,
			);
			path = Resources;
			sourceTree = "<group>";
		};
		B70C0D6C2828AFE9006A7BA5 /* Support */ = {
			isa = PBXGroup;
			children = (
				B70C0D652828AF9F006A7BA5 /* Info.plist */,
			);
			path = Support;
			sourceTree = "<group>";
		};
		B70C0D6D2828AFED006A7BA5 /* App Delegates */ = {
			isa = PBXGroup;
			children = (
				B70C0D572828AF9C006A7BA5 /* AppDelegate.swift */,
				B70C0D592828AF9C006A7BA5 /* SceneDelegate.swift */,
			);
			path = "App Delegates";
			sourceTree = "<group>";
		};
		B70C0D762828EB8C006A7BA5 /* Protocol */ = {
			isa = PBXGroup;
			children = (
				B70C0D8728293EA3006A7BA5 /* ReusableView.swift */,
			);
			path = Protocol;
			sourceTree = "<group>";
		};
		B70C0D7B28292236006A7BA5 /* Extension */ = {
			isa = PBXGroup;
			children = (
				B70C0D7F282939D2006A7BA5 /* UIFont+Extension.swift */,
				B70C0D81282939EA006A7BA5 /* ViewController+Extension.swift */,
				B70C0D8328293B10006A7BA5 /* UIColor+Extension.swift */,
				B70C0D8928293F5C006A7BA5 /* UITableViewCell+Extension.swift */,
				B70C0D8D2829F37E006A7BA5 /* UICollectionViewCell+Extension.swift */,
			);
			path = Extension;
			sourceTree = "<group>";
		};
		B70C0D7E282922B0006A7BA5 /* View */ = {
			isa = PBXGroup;
			children = (
				B70C0D7C28292245006A7BA5 /* TitleBarButton.swift */,
				B70C0D8528293D88006A7BA5 /* TrackCell.swift */,
				B70C0D8B28294A12006A7BA5 /* MenuBar.swift */,
				B70C0D92282A4634006A7BA5 /* TrackListCell.swift */,
			);
			path = View;
			sourceTree = "<group>";
		};
		B70C0D8F2829F5E6006A7BA5 /* Layout */ = {
			isa = PBXGroup;
			children = (
				B70C0D902829F5FD006A7BA5 /* CollectionViewHorizontalLayout.swift */,
			);
			path = Layout;
			sourceTree = "<group>";
		};
/* End PBXGroup section */

/* Begin PBXNativeTarget section */
		B70C0D532828AF9C006A7BA5 /* SpotifyUI */ = {
			isa = PBXNativeTarget;
			buildConfigurationList = B70C0D682828AF9F006A7BA5 /* Build configuration list for PBXNativeTarget "SpotifyUI" */;
			buildPhases = (
				B70C0D502828AF9C006A7BA5 /* Sources */,
				B70C0D512828AF9C006A7BA5 /* Frameworks */,
				B70C0D522828AF9C006A7BA5 /* Resources */,
			);
			buildRules = (
			);
			dependencies = (
			);
			name = SpotifyUI;
			productName = SpotifyUI;
			productReference = B70C0D542828AF9C006A7BA5 /* SpotifyUI.app */;
			productType = "com.apple.product-type.application";
		};
/* End PBXNativeTarget section */

/* Begin PBXProject section */
		B70C0D4C2828AF9C006A7BA5 /* Project object */ = {
			isa = PBXProject;
			attributes = {
				BuildIndependentTargetsInParallel = 1;
				LastSwiftUpdateCheck = 1330;
				LastUpgradeCheck = 1330;
				TargetAttributes = {
					B70C0D532828AF9C006A7BA5 = {
						CreatedOnToolsVersion = 13.3.1;
					};
				};
			};
			buildConfigurationList = B70C0D4F2828AF9C006A7BA5 /* Build configuration list for PBXProject "SpotifyUI" */;
			compatibilityVersion = "Xcode 13.0";
			developmentRegion = en;
			hasScannedForEncodings = 0;
			knownRegions = (
				en,
				Base,
			);
			mainGroup = B70C0D4B2828AF9C006A7BA5;
			productRefGroup = B70C0D552828AF9C006A7BA5 /* Products */;
			projectDirPath = "";
			projectRoot = "";
			targets = (
				B70C0D532828AF9C006A7BA5 /* SpotifyUI */,
			);
		};
/* End PBXProject section */

/* Begin PBXResourcesBuildPhase section */
		B70C0D522828AF9C006A7BA5 /* Resources */ = {
			isa = PBXResourcesBuildPhase;
			buildActionMask = 2147483647;
			files = (
				B70C0D642828AF9F006A7BA5 /* LaunchScreen.storyboard in Resources */,
				B70C0D612828AF9F006A7BA5 /* Assets.xcassets in Resources */,
			);
			runOnlyForDeploymentPostprocessing = 0;
		};
/* End PBXResourcesBuildPhase section */

/* Begin PBXSourcesBuildPhase section */
		B70C0D502828AF9C006A7BA5 /* Sources */ = {
			isa = PBXSourcesBuildPhase;
			buildActionMask = 2147483647;
			files = (
				B70C0D7D28292245006A7BA5 /* TitleBarButton.swift in Sources */,
				B70C0D712828B096006A7BA5 /* MusicViewController.swift in Sources */,
				B70C0D6F2828B01D006A7BA5 /* TitleBarViewController.swift in Sources */,
				B70C0D8428293B10006A7BA5 /* UIColor+Extension.swift in Sources */,
				B70C0D732828B0BA006A7BA5 /* PodcastViewController.swift in Sources */,
				B70C0D582828AF9C006A7BA5 /* AppDelegate.swift in Sources */,
				B70C0D752828D3A8006A7BA5 /* ContainerViewController.swift in Sources */,
				B70C0D8A28293F5C006A7BA5 /* UITableViewCell+Extension.swift in Sources */,
				B70C0D8828293EA3006A7BA5 /* ReusableView.swift in Sources */,
				B70C0D80282939D2006A7BA5 /* UIFont+Extension.swift in Sources */,
				B70C0D912829F5FD006A7BA5 /* CollectionViewHorizontalLayout.swift in Sources */,
				B70C0D7A2828EC65006A7BA5 /* SwipeViewController.swift in Sources */,
				B70C0D82282939EA006A7BA5 /* ViewController+Extension.swift in Sources */,
				B70C0D8E2829F37E006A7BA5 /* UICollectionViewCell+Extension.swift in Sources */,
				B70C0D8628293D88006A7BA5 /* TrackCell.swift in Sources */,
				B70C0D93282A4634006A7BA5 /* TrackListCell.swift in Sources */,
				B70C0D5A2828AF9C006A7BA5 /* SceneDelegate.swift in Sources */,
				B70C0D8C28294A12006A7BA5 /* MenuBar.swift in Sources */,
			);
			runOnlyForDeploymentPostprocessing = 0;
		};
/* End PBXSourcesBuildPhase section */

/* Begin PBXVariantGroup section */
		B70C0D622828AF9F006A7BA5 /* LaunchScreen.storyboard */ = {
			isa = PBXVariantGroup;
			children = (
				B70C0D632828AF9F006A7BA5 /* Base */,
			);
			name = LaunchScreen.storyboard;
			sourceTree = "<group>";
		};
/* End PBXVariantGroup section */

/* Begin XCBuildConfiguration section */
		B70C0D662828AF9F006A7BA5 /* Debug */ = {
			isa = XCBuildConfiguration;
			buildSettings = {
				ALWAYS_SEARCH_USER_PATHS = NO;
				CLANG_ANALYZER_NONNULL = YES;
				CLANG_ANALYZER_NUMBER_OBJECT_CONVERSION = YES_AGGRESSIVE;
				CLANG_CXX_LANGUAGE_STANDARD = "gnu++17";
				CLANG_ENABLE_MODULES = YES;
				CLANG_ENABLE_OBJC_ARC = YES;
				CLANG_ENABLE_OBJC_WEAK = YES;
				CLANG_WARN_BLOCK_CAPTURE_AUTORELEASING = YES;
				CLANG_WARN_BOOL_CONVERSION = YES;
				CLANG_WARN_COMMA = YES;
				CLANG_WARN_CONSTANT_CONVERSION = YES;
				CLANG_WARN_DEPRECATED_OBJC_IMPLEMENTATIONS = YES;
				CLANG_WARN_DIRECT_OBJC_ISA_USAGE = YES_ERROR;
				CLANG_WARN_DOCUMENTATION_COMMENTS = YES;
				CLANG_WARN_EMPTY_BODY = YES;
				CLANG_WARN_ENUM_CONVERSION = YES;
				CLANG_WARN_INFINITE_RECURSION = YES;
				CLANG_WARN_INT_CONVERSION = YES;
				CLANG_WARN_NON_LITERAL_NULL_CONVERSION = YES;
				CLANG_WARN_OBJC_IMPLICIT_RETAIN_SELF = YES;
				CLANG_WARN_OBJC_LITERAL_CONVERSION = YES;
				CLANG_WARN_OBJC_ROOT_CLASS = YES_ERROR;
				CLANG_WARN_QUOTED_INCLUDE_IN_FRAMEWORK_HEADER = YES;
				CLANG_WARN_RANGE_LOOP_ANALYSIS = YES;
				CLANG_WARN_STRICT_PROTOTYPES = YES;
				CLANG_WARN_SUSPICIOUS_MOVE = YES;
				CLANG_WARN_UNGUARDED_AVAILABILITY = YES_AGGRESSIVE;
				CLANG_WARN_UNREACHABLE_CODE = YES;
				CLANG_WARN__DUPLICATE_METHOD_MATCH = YES;
				COPY_PHASE_STRIP = NO;
				DEBUG_INFORMATION_FORMAT = dwarf;
				ENABLE_STRICT_OBJC_MSGSEND = YES;
				ENABLE_TESTABILITY = YES;
				GCC_C_LANGUAGE_STANDARD = gnu11;
				GCC_DYNAMIC_NO_PIC = NO;
				GCC_NO_COMMON_BLOCKS = YES;
				GCC_OPTIMIZATION_LEVEL = 0;
				GCC_PREPROCESSOR_DEFINITIONS = (
					"DEBUG=1",
					"$(inherited)",
				);
				GCC_WARN_64_TO_32_BIT_CONVERSION = YES;
				GCC_WARN_ABOUT_RETURN_TYPE = YES_ERROR;
				GCC_WARN_UNDECLARED_SELECTOR = YES;
				GCC_WARN_UNINITIALIZED_AUTOS = YES_AGGRESSIVE;
				GCC_WARN_UNUSED_FUNCTION = YES;
				GCC_WARN_UNUSED_VARIABLE = YES;
				IPHONEOS_DEPLOYMENT_TARGET = 15.4;
				MTL_ENABLE_DEBUG_INFO = INCLUDE_SOURCE;
				MTL_FAST_MATH = YES;
				ONLY_ACTIVE_ARCH = YES;
				SDKROOT = iphoneos;
				SWIFT_ACTIVE_COMPILATION_CONDITIONS = DEBUG;
				SWIFT_OPTIMIZATION_LEVEL = "-Onone";
			};
			name = Debug;
		};
		B70C0D672828AF9F006A7BA5 /* Release */ = {
			isa = XCBuildConfiguration;
			buildSettings = {
				ALWAYS_SEARCH_USER_PATHS = NO;
				CLANG_ANALYZER_NONNULL = YES;
				CLANG_ANALYZER_NUMBER_OBJECT_CONVERSION = YES_AGGRESSIVE;
				CLANG_CXX_LANGUAGE_STANDARD = "gnu++17";
				CLANG_ENABLE_MODULES = YES;
				CLANG_ENABLE_OBJC_ARC = YES;
				CLANG_ENABLE_OBJC_WEAK = YES;
				CLANG_WARN_BLOCK_CAPTURE_AUTORELEASING = YES;
				CLANG_WARN_BOOL_CONVERSION = YES;
				CLANG_WARN_COMMA = YES;
				CLANG_WARN_CONSTANT_CONVERSION = YES;
				CLANG_WARN_DEPRECATED_OBJC_IMPLEMENTATIONS = YES;
				CLANG_WARN_DIRECT_OBJC_ISA_USAGE = YES_ERROR;
				CLANG_WARN_DOCUMENTATION_COMMENTS = YES;
				CLANG_WARN_EMPTY_BODY = YES;
				CLANG_WARN_ENUM_CONVERSION = YES;
				CLANG_WARN_INFINITE_RECURSION = YES;
				CLANG_WARN_INT_CONVERSION = YES;
				CLANG_WARN_NON_LITERAL_NULL_CONVERSION = YES;
				CLANG_WARN_OBJC_IMPLICIT_RETAIN_SELF = YES;
				CLANG_WARN_OBJC_LITERAL_CONVERSION = YES;
				CLANG_WARN_OBJC_ROOT_CLASS = YES_ERROR;
				CLANG_WARN_QUOTED_INCLUDE_IN_FRAMEWORK_HEADER = YES;
				CLANG_WARN_RANGE_LOOP_ANALYSIS = YES;
				CLANG_WARN_STRICT_PROTOTYPES = YES;
				CLANG_WARN_SUSPICIOUS_MOVE = YES;
				CLANG_WARN_UNGUARDED_AVAILABILITY = YES_AGGRESSIVE;
				CLANG_WARN_UNREACHABLE_CODE = YES;
				CLANG_WARN__DUPLICATE_METHOD_MATCH = YES;
				COPY_PHASE_STRIP = NO;
				DEBUG_INFORMATION_FORMAT = "dwarf-with-dsym";
				ENABLE_NS_ASSERTIONS = NO;
				ENABLE_STRICT_OBJC_MSGSEND = YES;
				GCC_C_LANGUAGE_STANDARD = gnu11;
				GCC_NO_COMMON_BLOCKS = YES;
				GCC_WARN_64_TO_32_BIT_CONVERSION = YES;
				GCC_WARN_ABOUT_RETURN_TYPE = YES_ERROR;
				GCC_WARN_UNDECLARED_SELECTOR = YES;
				GCC_WARN_UNINITIALIZED_AUTOS = YES_AGGRESSIVE;
				GCC_WARN_UNUSED_FUNCTION = YES;
				GCC_WARN_UNUSED_VARIABLE = YES;
				IPHONEOS_DEPLOYMENT_TARGET = 15.4;
				MTL_ENABLE_DEBUG_INFO = NO;
				MTL_FAST_MATH = YES;
				SDKROOT = iphoneos;
				SWIFT_COMPILATION_MODE = wholemodule;
				SWIFT_OPTIMIZATION_LEVEL = "-O";
				VALIDATE_PRODUCT = YES;
			};
			name = Release;
		};
		B70C0D692828AF9F006A7BA5 /* Debug */ = {
			isa = XCBuildConfiguration;
			buildSettings = {
				ASSETCATALOG_COMPILER_APPICON_NAME = AppIcon;
				ASSETCATALOG_COMPILER_GLOBAL_ACCENT_COLOR_NAME = AccentColor;
				CODE_SIGN_STYLE = Automatic;
				CURRENT_PROJECT_VERSION = 1;
				DEVELOPMENT_TEAM = 64TX422529;
				GENERATE_INFOPLIST_FILE = YES;
				INFOPLIST_FILE = SpotifyUI/Support/Info.plist;
				INFOPLIST_KEY_UIApplicationSupportsIndirectInputEvents = YES;
				INFOPLIST_KEY_UILaunchStoryboardName = LaunchScreen;
				INFOPLIST_KEY_UISupportedInterfaceOrientations_iPad = "UIInterfaceOrientationPortrait UIInterfaceOrientationPortraitUpsideDown UIInterfaceOrientationLandscapeLeft UIInterfaceOrientationLandscapeRight";
				INFOPLIST_KEY_UISupportedInterfaceOrientations_iPhone = "UIInterfaceOrientationPortrait UIInterfaceOrientationLandscapeLeft UIInterfaceOrientationLandscapeRight";
				LD_RUNPATH_SEARCH_PATHS = (
					"$(inherited)",
					"@executable_path/Frameworks",
				);
				MARKETING_VERSION = 1.0;
				PRODUCT_BUNDLE_IDENTIFIER = au.com.genggao.SpotifyUI;
				PRODUCT_NAME = "$(TARGET_NAME)";
				SWIFT_EMIT_LOC_STRINGS = YES;
				SWIFT_VERSION = 5.0;
				TARGETED_DEVICE_FAMILY = "1,2";
			};
			name = Debug;
		};
		B70C0D6A2828AF9F006A7BA5 /* Release */ = {
			isa = XCBuildConfiguration;
			buildSettings = {
				ASSETCATALOG_COMPILER_APPICON_NAME = AppIcon;
				ASSETCATALOG_COMPILER_GLOBAL_ACCENT_COLOR_NAME = AccentColor;
				CODE_SIGN_STYLE = Automatic;
				CURRENT_PROJECT_VERSION = 1;
				DEVELOPMENT_TEAM = 64TX422529;
				GENERATE_INFOPLIST_FILE = YES;
				INFOPLIST_FILE = SpotifyUI/Support/Info.plist;
				INFOPLIST_KEY_UIApplicationSupportsIndirectInputEvents = YES;
				INFOPLIST_KEY_UILaunchStoryboardName = LaunchScreen;
				INFOPLIST_KEY_UISupportedInterfaceOrientations_iPad = "UIInterfaceOrientationPortrait UIInterfaceOrientationPortraitUpsideDown UIInterfaceOrientationLandscapeLeft UIInterfaceOrientationLandscapeRight";
				INFOPLIST_KEY_UISupportedInterfaceOrientations_iPhone = "UIInterfaceOrientationPortrait UIInterfaceOrientationLandscapeLeft UIInterfaceOrientationLandscapeRight";
				LD_RUNPATH_SEARCH_PATHS = (
					"$(inherited)",
					"@executable_path/Frameworks",
				);
				MARKETING_VERSION = 1.0;
				PRODUCT_BUNDLE_IDENTIFIER = au.com.genggao.SpotifyUI;
				PRODUCT_NAME = "$(TARGET_NAME)";
				SWIFT_EMIT_LOC_STRINGS = YES;
				SWIFT_VERSION = 5.0;
				TARGETED_DEVICE_FAMILY = "1,2";
			};
			name = Release;
		};
/* End XCBuildConfiguration section */

/* Begin XCConfigurationList section */
		B70C0D4F2828AF9C006A7BA5 /* Build configuration list for PBXProject "SpotifyUI" */ = {
			isa = XCConfigurationList;
			buildConfigurations = (
				B70C0D662828AF9F006A7BA5 /* Debug */,
				B70C0D672828AF9F006A7BA5 /* Release */,
			);
			defaultConfigurationIsVisible = 0;
			defaultConfigurationName = Release;
		};
		B70C0D682828AF9F006A7BA5 /* Build configuration list for PBXNativeTarget "SpotifyUI" */ = {
			isa = XCConfigurationList;
			buildConfigurations = (
				B70C0D692828AF9F006A7BA5 /* Debug */,
				B70C0D6A2828AF9F006A7BA5 /* Release */,
			);
			defaultConfigurationIsVisible = 0;
			defaultConfigurationName = Release;
		};
/* End XCConfigurationList section */
	};
	rootObject = B70C0D4C2828AF9C006A7BA5 /* Project object */;
}
